
Microsoft Visual Studio Solution File, Format Version 12.00
# Visual Studio Version 16
VisualStudioVersion = 16.0.31515.178
MinimumVisualStudioVersion = 10.0.40219.1
Project("{FAE04EC0-301F-11D3-BF4B-00C04F79EFBC}") = "VacunasMascotasMongoDB", "VacunasMascotasMongoDB.csproj", "{A4EF98CE-9D3B-44EC-9247-566AF45A679E}"
EndProject
Global
	GlobalSection(SolutionConfigurationPlatforms) = preSolution
		Debug|Any CPU = Debug|Any CPU
		Release|Any CPU = Release|Any CPU
	EndGlobalSection
	GlobalSection(ProjectConfigurationPlatforms) = postSolution
		{A4EF98CE-9D3B-44EC-9247-566AF45A679E}.Debug|Any CPU.ActiveCfg = Debug|Any CPU
		{A4EF98CE-9D3B-44EC-9247-566AF45A679E}.Debug|Any CPU.Build.0 = Debug|Any CPU
		{A4EF98CE-9D3B-44EC-9247-566AF45A679E}.Release|Any CPU.ActiveCfg = Release|Any CPU
		{A4EF98CE-9D3B-44EC-9247-566AF45A679E}.Release|Any CPU.Build.0 = Release|Any CPU
	EndGlobalSection
	GlobalSection(SolutionProperties) = preSolution
		HideSolutionNode = FALSE
	EndGlobalSection
	GlobalSection(ExtensibilityGlobals) = postSolution
		SolutionGuid = {449E2354-35C0-472C-8321-E68AD2FC1031}
	EndGlobalSection
EndGlobal
